
Microsoft Visual Studio Solution File, Format Version 12.00
# Visual Studio Version 17
VisualStudioVersion = 17.11.35303.130
MinimumVisualStudioVersion = 10.0.40219.1
Project("{9A19103F-16F7-4668-BE54-9A1E7A4F7556}") = "CfgComparer", "CfgComparer.csproj", "{473849F1-CE72-4941-847C-67A7AF2C60E9}"
EndProject
Project("{9A19103F-16F7-4668-BE54-9A1E7A4F7556}") = "CfgCompLib", "..\ImportCFG\CfgCompLib.csproj", "{F8E14578-ABE2-4E25-B68C-64C8E9FB8603}"
EndProject
Project("{9A19103F-16F7-4668-BE54-9A1E7A4F7556}") = "Testing", "..\Testing\Testing.csproj", "{F4CFA89A-F6B5-40B4-9B81-2AE7F088FDEE}"
EndProject
Global
	GlobalSection(SolutionConfigurationPlatforms) = preSolution
		Debug|Any CPU = Debug|Any CPU
		Release|Any CPU = Release|Any CPU
	EndGlobalSection
	GlobalSection(ProjectConfigurationPlatforms) = postSolution
		{473849F1-CE72-4941-847C-67A7AF2C60E9}.Debug|Any CPU.ActiveCfg = Debug|Any CPU
		{473849F1-CE72-4941-847C-67A7AF2C60E9}.Debug|Any CPU.Build.0 = Debug|Any CPU
		{473849F1-CE72-4941-847C-67A7AF2C60E9}.Release|Any CPU.ActiveCfg = Release|Any CPU
		{473849F1-CE72-4941-847C-67A7AF2C60E9}.Release|Any CPU.Build.0 = Release|Any CPU
		{F8E14578-ABE2-4E25-B68C-64C8E9FB8603}.Debug|Any CPU.ActiveCfg = Debug|Any CPU
		{F8E14578-ABE2-4E25-B68C-64C8E9FB8603}.Debug|Any CPU.Build.0 = Debug|Any CPU
		{F8E14578-ABE2-4E25-B68C-64C8E9FB8603}.Release|Any CPU.ActiveCfg = Release|Any CPU
		{F8E14578-ABE2-4E25-B68C-64C8E9FB8603}.Release|Any CPU.Build.0 = Release|Any CPU
		{F4CFA89A-F6B5-40B4-9B81-2AE7F088FDEE}.Debug|Any CPU.ActiveCfg = Debug|Any CPU
		{F4CFA89A-F6B5-40B4-9B81-2AE7F088FDEE}.Debug|Any CPU.Build.0 = Debug|Any CPU
		{F4CFA89A-F6B5-40B4-9B81-2AE7F088FDEE}.Release|Any CPU.ActiveCfg = Release|Any CPU
		{F4CFA89A-F6B5-40B4-9B81-2AE7F088FDEE}.Release|Any CPU.Build.0 = Release|Any CPU
	EndGlobalSection
	GlobalSection(SolutionProperties) = preSolution
		HideSolutionNode = FALSE
	EndGlobalSection
	GlobalSection(ExtensibilityGlobals) = postSolution
		SolutionGuid = {30A8E3CE-4FA6-4A70-AD50-8F1D84FD27A3}
	EndGlobalSection
EndGlobal
